// !$*UTF8*$!
{
	archiveVersion = 1;
	classes = {
	};
	objectVersion = 46;
	objects = {

/* Begin PBXBuildFile section */
		225CA48B18CD9138006084D8 /* Foundation.framework in Frameworks */ = {isa = PBXBuildFile; fileRef = 225CA48A18CD9138006084D8 /* Foundation.framework */; };
		225CA49018CD9138006084D8 /* NNCommandClient.h in CopyFiles */ = {isa = PBXBuildFile; fileRef = 225CA48F18CD9138006084D8 /* NNCommandClient.h */; };
		225CA49218CD9138006084D8 /* NNCommandClient.m in Sources */ = {isa = PBXBuildFile; fileRef = 225CA49118CD9138006084D8 /* NNCommandClient.m */; };
		225CA49918CD9138006084D8 /* XCTest.framework in Frameworks */ = {isa = PBXBuildFile; fileRef = 225CA49818CD9138006084D8 /* XCTest.framework */; };
		225CA49A18CD9138006084D8 /* Foundation.framework in Frameworks */ = {isa = PBXBuildFile; fileRef = 225CA48A18CD9138006084D8 /* Foundation.framework */; };
		225CA49C18CD9138006084D8 /* UIKit.framework in Frameworks */ = {isa = PBXBuildFile; fileRef = 225CA49B18CD9138006084D8 /* UIKit.framework */; };
		225CA49F18CD9138006084D8 /* libNNCommandClient.a in Frameworks */ = {isa = PBXBuildFile; fileRef = 225CA48718CD9138006084D8 /* libNNCommandClient.a */; };
		225CA4A518CD9138006084D8 /* InfoPlist.strings in Resources */ = {isa = PBXBuildFile; fileRef = 225CA4A318CD9138006084D8 /* InfoPlist.strings */; };
		225CA4A718CD9138006084D8 /* NNCommandClientTests.m in Sources */ = {isa = PBXBuildFile; fileRef = 225CA4A618CD9138006084D8 /* NNCommandClientTests.m */; };
/* End PBXBuildFile section */

/* Begin PBXContainerItemProxy section */
		225CA49D18CD9138006084D8 /* PBXContainerItemProxy */ = {
			isa = PBXContainerItemProxy;
			containerPortal = 225CA47F18CD9138006084D8 /* Project object */;
			proxyType = 1;
			remoteGlobalIDString = 225CA48618CD9138006084D8;
			remoteInfo = NNCommandClient;
		};
/* End PBXContainerItemProxy section */

/* Begin PBXCopyFilesBuildPhase section */
		225CA48518CD9138006084D8 /* CopyFiles */ = {
			isa = PBXCopyFilesBuildPhase;
			buildActionMask = 2147483647;
			dstPath = "include/$(PRODUCT_NAME)";
			dstSubfolderSpec = 16;
			files = (
				225CA49018CD9138006084D8 /* NNCommandClient.h in CopyFiles */,
			);
			runOnlyForDeploymentPostprocessing = 0;
		};
/* End PBXCopyFilesBuildPhase section */

/* Begin PBXFileReference section */
		225CA48718CD9138006084D8 /* libNNCommandClient.a */ = {isa = PBXFileReference; explicitFileType = archive.ar; includeInIndex = 0; path = libNNCommandClient.a; sourceTree = BUILT_PRODUCTS_DIR; };
		225CA48A18CD9138006084D8 /* Foundation.framework */ = {isa = PBXFileReference; lastKnownFileType = wrapper.framework; name = Foundation.framework; path = System/Library/Frameworks/Foundation.framework; sourceTree = SDKROOT; };
		225CA48E18CD9138006084D8 /* NNCommandClient-Prefix.pch */ = {isa = PBXFileReference; lastKnownFileType = sourcecode.c.h; path = "NNCommandClient-Prefix.pch"; sourceTree = "<group>"; };
		225CA48F18CD9138006084D8 /* NNCommandClient.h */ = {isa = PBXFileReference; lastKnownFileType = sourcecode.c.h; path = NNCommandClient.h; sourceTree = "<group>"; };
		225CA49118CD9138006084D8 /* NNCommandClient.m */ = {isa = PBXFileReference; lastKnownFileType = sourcecode.c.objc; path = NNCommandClient.m; sourceTree = "<group>"; };
		225CA49718CD9138006084D8 /* NNCommandClientTests.xctest */ = {isa = PBXFileReference; explicitFileType = wrapper.cfbundle; includeInIndex = 0; path = NNCommandClientTests.xctest; sourceTree = BUILT_PRODUCTS_DIR; };
		225CA49818CD9138006084D8 /* XCTest.framework */ = {isa = PBXFileReference; lastKnownFileType = wrapper.framework; name = XCTest.framework; path = Library/Frameworks/XCTest.framework; sourceTree = DEVELOPER_DIR; };
		225CA49B18CD9138006084D8 /* UIKit.framework */ = {isa = PBXFileReference; lastKnownFileType = wrapper.framework; name = UIKit.framework; path = Library/Frameworks/UIKit.framework; sourceTree = DEVELOPER_DIR; };
		225CA4A218CD9138006084D8 /* NNCommandClientTests-Info.plist */ = {isa = PBXFileReference; lastKnownFileType = text.plist.xml; path = "NNCommandClientTests-Info.plist"; sourceTree = "<group>"; };
		225CA4A418CD9138006084D8 /* en */ = {isa = PBXFileReference; lastKnownFileType = text.plist.strings; name = en; path = en.lproj/InfoPlist.strings; sourceTree = "<group>"; };
		225CA4A618CD9138006084D8 /* NNCommandClientTests.m */ = {isa = PBXFileReference; lastKnownFileType = sourcecode.c.objc; path = NNCommandClientTests.m; sourceTree = "<group>"; };
/* End PBXFileReference section */

/* Begin PBXFrameworksBuildPhase section */
		225CA48418CD9138006084D8 /* Frameworks */ = {
			isa = PBXFrameworksBuildPhase;
			buildActionMask = 2147483647;
			files = (
				225CA48B18CD9138006084D8 /* Foundation.framework in Frameworks */,
			);
			runOnlyForDeploymentPostprocessing = 0;
		};
		225CA49418CD9138006084D8 /* Frameworks */ = {
			isa = PBXFrameworksBuildPhase;
			buildActionMask = 2147483647;
			files = (
				225CA49F18CD9138006084D8 /* libNNCommandClient.a in Frameworks */,
				225CA49918CD9138006084D8 /* XCTest.framework in Frameworks */,
				225CA49C18CD9138006084D8 /* UIKit.framework in Frameworks */,
				225CA49A18CD9138006084D8 /* Foundation.framework in Frameworks */,
			);
			runOnlyForDeploymentPostprocessing = 0;
		};
/* End PBXFrameworksBuildPhase section */

/* Begin PBXGroup section */
		225CA47E18CD9138006084D8 = {
			isa = PBXGroup;
			children = (
				225CA48C18CD9138006084D8 /* NNCommandClient */,
				225CA4A018CD9138006084D8 /* NNCommandClientTests */,
				225CA48918CD9138006084D8 /* Frameworks */,
				225CA48818CD9138006084D8 /* Products */,
			);
			sourceTree = "<group>";
		};
		225CA48818CD9138006084D8 /* Products */ = {
			isa = PBXGroup;
			children = (
				225CA48718CD9138006084D8 /* libNNCommandClient.a */,
				225CA49718CD9138006084D8 /* NNCommandClientTests.xctest */,
			);
			name = Products;
			sourceTree = "<group>";
		};
		225CA48918CD9138006084D8 /* Frameworks */ = {
			isa = PBXGroup;
			children = (
				225CA48A18CD9138006084D8 /* Foundation.framework */,
				225CA49818CD9138006084D8 /* XCTest.framework */,
				225CA49B18CD9138006084D8 /* UIKit.framework */,
			);
			name = Frameworks;
			sourceTree = "<group>";
		};
		225CA48C18CD9138006084D8 /* NNCommandClient */ = {
			isa = PBXGroup;
			children = (
				225CA48F18CD9138006084D8 /* NNCommandClient.h */,
				225CA49118CD9138006084D8 /* NNCommandClient.m */,
				225CA48D18CD9138006084D8 /* Supporting Files */,
			);
			path = NNCommandClient;
			sourceTree = "<group>";
		};
		225CA48D18CD9138006084D8 /* Supporting Files */ = {
			isa = PBXGroup;
			children = (
				225CA48E18CD9138006084D8 /* NNCommandClient-Prefix.pch */,
			);
			name = "Supporting Files";
			sourceTree = "<group>";
		};
		225CA4A018CD9138006084D8 /* NNCommandClientTests */ = {
			isa = PBXGroup;
			children = (
				225CA4A618CD9138006084D8 /* NNCommandClientTests.m */,
				225CA4A118CD9138006084D8 /* Supporting Files */,
			);
			path = NNCommandClientTests;
			sourceTree = "<group>";
		};
		225CA4A118CD9138006084D8 /* Supporting Files */ = {
			isa = PBXGroup;
			children = (
				225CA4A218CD9138006084D8 /* NNCommandClientTests-Info.plist */,
				225CA4A318CD9138006084D8 /* InfoPlist.strings */,
			);
			name = "Supporting Files";
			sourceTree = "<group>";
		};
/* End PBXGroup section */

/* Begin PBXNativeTarget section */
		225CA48618CD9138006084D8 /* NNCommandClient */ = {
			isa = PBXNativeTarget;
			buildConfigurationList = 225CA4AA18CD9138006084D8 /* Build configuration list for PBXNativeTarget "NNCommandClient" */;
			buildPhases = (
				225CA48318CD9138006084D8 /* Sources */,
				225CA48418CD9138006084D8 /* Frameworks */,
				225CA48518CD9138006084D8 /* CopyFiles */,
			);
			buildRules = (
			);
			dependencies = (
			);
			name = NNCommandClient;
			productName = NNCommandClient;
			productReference = 225CA48718CD9138006084D8 /* libNNCommandClient.a */;
			productType = "com.apple.product-type.library.static";
		};
		225CA49618CD9138006084D8 /* NNCommandClientTests */ = {
			isa = PBXNativeTarget;
			buildConfigurationList = 225CA4AD18CD9138006084D8 /* Build configuration list for PBXNativeTarget "NNCommandClientTests" */;
			buildPhases = (
				225CA49318CD9138006084D8 /* Sources */,
				225CA49418CD9138006084D8 /* Frameworks */,
				225CA49518CD9138006084D8 /* Resources */,
			);
			buildRules = (
			);
			dependencies = (
				225CA49E18CD9138006084D8 /* PBXTargetDependency */,
			);
			name = NNCommandClientTests;
			productName = NNCommandClientTests;
			productReference = 225CA49718CD9138006084D8 /* NNCommandClientTests.xctest */;
			productType = "com.apple.product-type.bundle.unit-test";
		};
/* End PBXNativeTarget section */

/* Begin PBXProject section */
		225CA47F18CD9138006084D8 /* Project object */ = {
			isa = PBXProject;
			attributes = {
				LastUpgradeCheck = 0500;
				ORGANIZATIONNAME = Rcio;
			};
			buildConfigurationList = 225CA48218CD9138006084D8 /* Build configuration list for PBXProject "NNCommandClient" */;
			compatibilityVersion = "Xcode 3.2";
			developmentRegion = English;
			hasScannedForEncodings = 0;
			knownRegions = (
				en,
			);
			mainGroup = 225CA47E18CD9138006084D8;
			productRefGroup = 225CA48818CD9138006084D8 /* Products */;
			projectDirPath = "";
			projectRoot = "";
			targets = (
				225CA48618CD9138006084D8 /* NNCommandClient */,
				225CA49618CD9138006084D8 /* NNCommandClientTests */,
			);
		};
/* End PBXProject section */

/* Begin PBXResourcesBuildPhase section */
		225CA49518CD9138006084D8 /* Resources */ = {
			isa = PBXResourcesBuildPhase;
			buildActionMask = 2147483647;
			files = (
				225CA4A518CD9138006084D8 /* InfoPlist.strings in Resources */,
			);
			runOnlyForDeploymentPostprocessing = 0;
		};
/* End PBXResourcesBuildPhase section */

/* Begin PBXSourcesBuildPhase section */
		225CA48318CD9138006084D8 /* Sources */ = {
			isa = PBXSourcesBuildPhase;
			buildActionMask = 2147483647;
			files = (
				225CA49218CD9138006084D8 /* NNCommandClient.m in Sources */,
			);
			runOnlyForDeploymentPostprocessing = 0;
		};
		225CA49318CD9138006084D8 /* Sources */ = {
			isa = PBXSourcesBuildPhase;
			buildActionMask = 2147483647;
			files = (
				225CA4A718CD9138006084D8 /* NNCommandClientTests.m in Sources */,
			);
			runOnlyForDeploymentPostprocessing = 0;
		};
/* End PBXSourcesBuildPhase section */

/* Begin PBXTargetDependency section */
		225CA49E18CD9138006084D8 /* PBXTargetDependency */ = {
			isa = PBXTargetDependency;
			target = 225CA48618CD9138006084D8 /* NNCommandClient */;
			targetProxy = 225CA49D18CD9138006084D8 /* PBXContainerItemProxy */;
		};
/* End PBXTargetDependency section */

/* Begin PBXVariantGroup section */
		225CA4A318CD9138006084D8 /* InfoPlist.strings */ = {
			isa = PBXVariantGroup;
			children = (
				225CA4A418CD9138006084D8 /* en */,
			);
			name = InfoPlist.strings;
			sourceTree = "<group>";
		};
/* End PBXVariantGroup section */

/* Begin XCBuildConfiguration section */
		225CA4A818CD9138006084D8 /* Debug */ = {
			isa = XCBuildConfiguration;
			buildSettings = {
				ALWAYS_SEARCH_USER_PATHS = NO;
				ARCHS = "$(ARCHS_STANDARD_INCLUDING_64_BIT)";
				CLANG_CXX_LANGUAGE_STANDARD = "gnu++0x";
				CLANG_CXX_LIBRARY = "libc++";
				CLANG_ENABLE_MODULES = YES;
				CLANG_ENABLE_OBJC_ARC = YES;
				CLANG_WARN_BOOL_CONVERSION = YES;
				CLANG_WARN_CONSTANT_CONVERSION = YES;
				CLANG_WARN_DIRECT_OBJC_ISA_USAGE = YES_ERROR;
				CLANG_WARN_EMPTY_BODY = YES;
				CLANG_WARN_ENUM_CONVERSION = YES;
				CLANG_WARN_INT_CONVERSION = YES;
				CLANG_WARN_OBJC_ROOT_CLASS = YES_ERROR;
				CLANG_WARN__DUPLICATE_METHOD_MATCH = YES;
				COPY_PHASE_STRIP = NO;
				GCC_C_LANGUAGE_STANDARD = gnu99;
				GCC_DYNAMIC_NO_PIC = NO;
				GCC_OPTIMIZATION_LEVEL = 0;
				GCC_PREPROCESSOR_DEFINITIONS = (
					"DEBUG=1",
					"$(inherited)",
				);
				GCC_SYMBOLS_PRIVATE_EXTERN = NO;
				GCC_WARN_64_TO_32_BIT_CONVERSION = YES;
				GCC_WARN_ABOUT_RETURN_TYPE = YES_ERROR;
				GCC_WARN_UNDECLARED_SELECTOR = YES;
				GCC_WARN_UNINITIALIZED_AUTOS = YES;
				GCC_WARN_UNUSED_FUNCTION = YES;
				GCC_WARN_UNUSED_VARIABLE = YES;
				IPHONEOS_DEPLOYMENT_TARGET = 7.0;
				ONLY_ACTIVE_ARCH = YES;
				SDKROOT = iphoneos;
			};
			name = Debug;
		};
		225CA4A918CD9138006084D8 /* Release */ = {
			isa = XCBuildConfiguration;
			buildSettings = {
				ALWAYS_SEARCH_USER_PATHS = NO;
				ARCHS = "$(ARCHS_STANDARD_INCLUDING_64_BIT)";
				CLANG_CXX_LANGUAGE_STANDARD = "gnu++0x";
				CLANG_CXX_LIBRARY = "libc++";
				CLANG_ENABLE_MODULES = YES;
				CLANG_ENABLE_OBJC_ARC = YES;
				CLANG_WARN_BOOL_CONVERSION = YES;
				CLANG_WARN_CONSTANT_CONVERSION = YES;
				CLANG_WARN_DIRECT_OBJC_ISA_USAGE = YES_ERROR;
				CLANG_WARN_EMPTY_BODY = YES;
				CLANG_WARN_ENUM_CONVERSION = YES;
				CLANG_WARN_INT_CONVERSION = YES;
				CLANG_WARN_OBJC_ROOT_CLASS = YES_ERROR;
				CLANG_WARN__DUPLICATE_METHOD_MATCH = YES;
				COPY_PHASE_STRIP = YES;
				ENABLE_NS_ASSERTIONS = NO;
				GCC_C_LANGUAGE_STANDARD = gnu99;
				GCC_WARN_64_TO_32_BIT_CONVERSION = YES;
				GCC_WARN_ABOUT_RETURN_TYPE = YES_ERROR;
				GCC_WARN_UNDECLARED_SELECTOR = YES;
				GCC_WARN_UNINITIALIZED_AUTOS = YES;
				GCC_WARN_UNUSED_FUNCTION = YES;
				GCC_WARN_UNUSED_VARIABLE = YES;
				IPHONEOS_DEPLOYMENT_TARGET = 7.0;
				SDKROOT = iphoneos;
				VALIDATE_PRODUCT = YES;
			};
			name = Release;
		};
		225CA4AB18CD9138006084D8 /* Debug */ = {
			isa = XCBuildConfiguration;
			buildSettings = {
				DSTROOT = /tmp/NNCommandClient.dst;
				GCC_PRECOMPILE_PREFIX_HEADER = YES;
				GCC_PREFIX_HEADER = "NNCommandClient/NNCommandClient-Prefix.pch";
				OTHER_LDFLAGS = "-ObjC";
				PRODUCT_NAME = "$(TARGET_NAME)";
				SKIP_INSTALL = YES;
			};
			name = Debug;
		};
		225CA4AC18CD9138006084D8 /* Release */ = {
			isa = XCBuildConfiguration;
			buildSettings = {
				DSTROOT = /tmp/NNCommandClient.dst;
				GCC_PRECOMPILE_PREFIX_HEADER = YES;
				GCC_PREFIX_HEADER = "NNCommandClient/NNCommandClient-Prefix.pch";
				OTHER_LDFLAGS = "-ObjC";
				PRODUCT_NAME = "$(TARGET_NAME)";
				SKIP_INSTALL = YES;
			};
			name = Release;
		};
		225CA4AE18CD9138006084D8 /* Debug */ = {
			isa = XCBuildConfiguration;
			buildSettings = {
				ARCHS = "$(ARCHS_STANDARD_INCLUDING_64_BIT)";
				FRAMEWORK_SEARCH_PATHS = (
					"$(SDKROOT)/Developer/Library/Frameworks",
					"$(inherited)",
					"$(DEVELOPER_FRAMEWORKS_DIR)",
				);
				GCC_PRECOMPILE_PREFIX_HEADER = YES;
				GCC_PREFIX_HEADER = "NNCommandClient/NNCommandClient-Prefix.pch";
				GCC_PREPROCESSOR_DEFINITIONS = (
					"DEBUG=1",
					"$(inherited)",
				);
				INFOPLIST_FILE = "NNCommandClientTests/NNCommandClientTests-Info.plist";
				PRODUCT_NAME = "$(TARGET_NAME)";
				WRAPPER_EXTENSION = xctest;
			};
			name = Debug;
		};
		225CA4AF18CD9138006084D8 /* Release */ = {
			isa = XCBuildConfiguration;
			buildSettings = {
				ARCHS = "$(ARCHS_STANDARD_INCLUDING_64_BIT)";
				FRAMEWORK_SEARCH_PATHS = (
					"$(SDKROOT)/Developer/Library/Frameworks",
					"$(inherited)",
					"$(DEVELOPER_FRAMEWORKS_DIR)",
				);
				GCC_PRECOMPILE_PREFIX_HEADER = YES;
				GCC_PREFIX_HEADER = "NNCommandClient/NNCommandClient-Prefix.pch";
				INFOPLIST_FILE = "NNCommandClientTests/NNCommandClientTests-Info.plist";
				PRODUCT_NAME = "$(TARGET_NAME)";
				WRAPPER_EXTENSION = xctest;
			};
			name = Release;
		};
/* End XCBuildConfiguration section */

/* Begin XCConfigurationList section */
		225CA48218CD9138006084D8 /* Build configuration list for PBXProject "NNCommandClient" */ = {
			isa = XCConfigurationList;
			buildConfigurations = (
				225CA4A818CD9138006084D8 /* Debug */,
				225CA4A918CD9138006084D8 /* Release */,
			);
			defaultConfigurationIsVisible = 0;
			defaultConfigurationName = Release;
		};
		225CA4AA18CD9138006084D8 /* Build configuration list for PBXNativeTarget "NNCommandClient" */ = {
			isa = XCConfigurationList;
			buildConfigurations = (
				225CA4AB18CD9138006084D8 /* Debug */,
				225CA4AC18CD9138006084D8 /* Release */,
			);
			defaultConfigurationIsVisible = 0;
		};
		225CA4AD18CD9138006084D8 /* Build configuration list for PBXNativeTarget "NNCommandClientTests" */ = {
			isa = XCConfigurationList;
			buildConfigurations = (
				225CA4AE18CD9138006084D8 /* Debug */,
				225CA4AF18CD9138006084D8 /* Release */,
			);
			defaultConfigurationIsVisible = 0;
		};
/* End XCConfigurationList section */
	};
	rootObject = 225CA47F18CD9138006084D8 /* Project object */;
}
